
Microsoft Visual Studio Solution File, Format Version 12.00
# Visual Studio 14
VisualStudioVersion = 14.0.25123.0
MinimumVisualStudioVersion = 10.0.40219.1
Project("{FAE04EC0-301F-11D3-BF4B-00C04F79EFBC}") = "app9", "app9\app9.csproj", "{88DA36A5-C104-40FF-B403-FFD18BC5AA0C}"
EndProject
Project("{FAE04EC0-301F-11D3-BF4B-00C04F79EFBC}") = "ClassLibrary", "ClassLibrary\ClassLibrary.csproj", "{22E8EBCA-A0C0-4018-92D6-D7B4AC5F6739}"
EndProject
Global
	GlobalSection(SolutionConfigurationPlatforms) = preSolution
		Debug|Any CPU = Debug|Any CPU
		Release|Any CPU = Release|Any CPU
	EndGlobalSection
	GlobalSection(ProjectConfigurationPlatforms) = postSolution
		{88DA36A5-C104-40FF-B403-FFD18BC5AA0C}.Debug|Any CPU.ActiveCfg = Debug|Any CPU
		{88DA36A5-C104-40FF-B403-FFD18BC5AA0C}.Debug|Any CPU.Build.0 = Debug|Any CPU
		{88DA36A5-C104-40FF-B403-FFD18BC5AA0C}.Release|Any CPU.ActiveCfg = Release|Any CPU
		{88DA36A5-C104-40FF-B403-FFD18BC5AA0C}.Release|Any CPU.Build.0 = Release|Any CPU
		{22E8EBCA-A0C0-4018-92D6-D7B4AC5F6739}.Debug|Any CPU.ActiveCfg = Debug|Any CPU
		{22E8EBCA-A0C0-4018-92D6-D7B4AC5F6739}.Debug|Any CPU.Build.0 = Debug|Any CPU
		{22E8EBCA-A0C0-4018-92D6-D7B4AC5F6739}.Release|Any CPU.ActiveCfg = Release|Any CPU
		{22E8EBCA-A0C0-4018-92D6-D7B4AC5F6739}.Release|Any CPU.Build.0 = Release|Any CPU
	EndGlobalSection
	GlobalSection(SolutionProperties) = preSolution
		HideSolutionNode = FALSE
	EndGlobalSection
EndGlobal
